
Microsoft Visual Studio Solution File, Format Version 12.00
# Visual Studio Version 16
VisualStudioVersion = 16.0.30523.141
MinimumVisualStudioVersion = 10.0.40219.1
Project("{FAE04EC0-301F-11D3-BF4B-00C04F79EFBC}") = "A5WebAPI", "A5WebAPI.csproj", "{C8EFD182-29E3-46EF-B0E8-E92D3DF51259}"
EndProject
Global
	GlobalSection(SolutionConfigurationPlatforms) = preSolution
		Debug|Any CPU = Debug|Any CPU
		Release|Any CPU = Release|Any CPU
	EndGlobalSection
	GlobalSection(ProjectConfigurationPlatforms) = postSolution
		{C8EFD182-29E3-46EF-B0E8-E92D3DF51259}.Debug|Any CPU.ActiveCfg = Debug|Any CPU
		{C8EFD182-29E3-46EF-B0E8-E92D3DF51259}.Debug|Any CPU.Build.0 = Debug|Any CPU
		{C8EFD182-29E3-46EF-B0E8-E92D3DF51259}.Release|Any CPU.ActiveCfg = Release|Any CPU
		{C8EFD182-29E3-46EF-B0E8-E92D3DF51259}.Release|Any CPU.Build.0 = Release|Any CPU
	EndGlobalSection
	GlobalSection(SolutionProperties) = preSolution
		HideSolutionNode = FALSE
	EndGlobalSection
	GlobalSection(ExtensibilityGlobals) = postSolution
		SolutionGuid = {31E7ED61-2085-4231-91C3-8339E28B1AEE}
	EndGlobalSection
EndGlobal
